// !$*UTF8*$!
{
	archiveVersion = 1;
	classes = {
	};
	objectVersion = 48;
	objects = {

/* Begin PBXBuildFile section */
		7F52412C200306810014B3B7 /* AppDelegate.swift in Sources */ = {isa = PBXBuildFile; fileRef = 7F52412B200306810014B3B7 /* AppDelegate.swift */; };
		7F52412E200306810014B3B7 /* ViewController.swift in Sources */ = {isa = PBXBuildFile; fileRef = 7F52412D200306810014B3B7 /* ViewController.swift */; };
		7F524131200306810014B3B7 /* Main.storyboard in Resources */ = {isa = PBXBuildFile; fileRef = 7F52412F200306810014B3B7 /* Main.storyboard */; };
		7F524133200306810014B3B7 /* Assets.xcassets in Resources */ = {isa = PBXBuildFile; fileRef = 7F524132200306810014B3B7 /* Assets.xcassets */; };
		7F524136200306810014B3B7 /* LaunchScreen.storyboard in Resources */ = {isa = PBXBuildFile; fileRef = 7F524134200306810014B3B7 /* LaunchScreen.storyboard */; };
		D22335C31F4196B851AFC534 /* Pods_Google_Admob.framework in Frameworks */ = {isa = PBXBuildFile; fileRef = 7474DA8C536CBF781C8E4C8D /* Pods_Google_Admob.framework */; };
/* End PBXBuildFile section */

/* Begin PBXFileReference section */
		7474DA8C536CBF781C8E4C8D /* Pods_Google_Admob.framework */ = {isa = PBXFileReference; explicitFileType = wrapper.framework; includeInIndex = 0; path = Pods_Google_Admob.framework; sourceTree = BUILT_PRODUCTS_DIR; };
		7F524128200306810014B3B7 /* Google Admob.app */ = {isa = PBXFileReference; explicitFileType = wrapper.application; includeInIndex = 0; path = "Google Admob.app"; sourceTree = BUILT_PRODUCTS_DIR; };
		7F52412B200306810014B3B7 /* AppDelegate.swift */ = {isa = PBXFileReference; lastKnownFileType = sourcecode.swift; path = AppDelegate.swift; sourceTree = "<group>"; };
		7F52412D200306810014B3B7 /* ViewController.swift */ = {isa = PBXFileReference; lastKnownFileType = sourcecode.swift; path = ViewController.swift; sourceTree = "<group>"; };
		7F524130200306810014B3B7 /* Base */ = {isa = PBXFileReference; lastKnownFileType = file.storyboard; name = Base; path = Base.lproj/Main.storyboard; sourceTree = "<group>"; };
		7F524132200306810014B3B7 /* Assets.xcassets */ = {isa = PBXFileReference; lastKnownFileType = folder.assetcatalog; path = Assets.xcassets; sourceTree = "<group>"; };
		7F524135200306810014B3B7 /* Base */ = {isa = PBXFileReference; lastKnownFileType = file.storyboard; name = Base; path = Base.lproj/LaunchScreen.storyboard; sourceTree = "<group>"; };
		7F524137200306810014B3B7 /* Info.plist */ = {isa = PBXFileReference; lastKnownFileType = text.plist.xml; path = Info.plist; sourceTree = "<group>"; };
		CD6022DF79FA686626DC3CA7 /* Pods-Google Admob.debug.xcconfig */ = {isa = PBXFileReference; includeInIndex = 1; lastKnownFileType = text.xcconfig; name = "Pods-Google Admob.debug.xcconfig"; path = "Pods/Target Support Files/Pods-Google Admob/Pods-Google Admob.debug.xcconfig"; sourceTree = "<group>"; };
		D45C1023FB891CD50DD5AA27 /* Pods-Google Admob.release.xcconfig */ = {isa = PBXFileReference; includeInIndex = 1; lastKnownFileType = text.xcconfig; name = "Pods-Google Admob.release.xcconfig"; path = "Pods/Target Support Files/Pods-Google Admob/Pods-Google Admob.release.xcconfig"; sourceTree = "<group>"; };
/* End PBXFileReference section */

/* Begin PBXFrameworksBuildPhase section */
		7F524125200306810014B3B7 /* Frameworks */ = {
			isa = PBXFrameworksBuildPhase;
			buildActionMask = 2147483647;
			files = (
				D22335C31F4196B851AFC534 /* Pods_Google_Admob.framework in Frameworks */,
			);
			runOnlyForDeploymentPostprocessing = 0;
		};
/* End PBXFrameworksBuildPhase section */

/* Begin PBXGroup section */
		25AE930F009A286B44F55F8D /* Pods */ = {
			isa = PBXGroup;
			children = (
				CD6022DF79FA686626DC3CA7 /* Pods-Google Admob.debug.xcconfig */,
				D45C1023FB891CD50DD5AA27 /* Pods-Google Admob.release.xcconfig */,
			);
			name = Pods;
			sourceTree = "<group>";
		};
		7F52411F200306810014B3B7 = {
			isa = PBXGroup;
			children = (
				7F52412A200306810014B3B7 /* Google Admob */,
				7F524129200306810014B3B7 /* Products */,
				25AE930F009A286B44F55F8D /* Pods */,
				B37546C0CE2A59365A07C951 /* Frameworks */,
			);
			sourceTree = "<group>";
		};
		7F524129200306810014B3B7 /* Products */ = {
			isa = PBXGroup;
			children = (
				7F524128200306810014B3B7 /* Google Admob.app */,
			);
			name = Products;
			sourceTree = "<group>";
		};
		7F52412A200306810014B3B7 /* Google Admob */ = {
			isa = PBXGroup;
			children = (
				7F52412B200306810014B3B7 /* AppDelegate.swift */,
				7F52412D200306810014B3B7 /* ViewController.swift */,
				7F52412F200306810014B3B7 /* Main.storyboard */,
				7F524132200306810014B3B7 /* Assets.xcassets */,
				7F524134200306810014B3B7 /* LaunchScreen.storyboard */,
				7F524137200306810014B3B7 /* Info.plist */,
			);
			path = "Google Admob";
			sourceTree = "<group>";
		};
		B37546C0CE2A59365A07C951 /* Frameworks */ = {
			isa = PBXGroup;
			children = (
				7474DA8C536CBF781C8E4C8D /* Pods_Google_Admob.framework */,
			);
			name = Frameworks;
			sourceTree = "<group>";
		};
/* End PBXGroup section */

/* Begin PBXNativeTarget section */
		7F524127200306810014B3B7 /* Google Admob */ = {
			isa = PBXNativeTarget;
			buildConfigurationList = 7F52413A200306810014B3B7 /* Build configuration list for PBXNativeTarget "Google Admob" */;
			buildPhases = (
				B4EC1BA8D66C7BEFD2656D0B /* [CP] Check Pods Manifest.lock */,
				7F524124200306810014B3B7 /* Sources */,
				7F524125200306810014B3B7 /* Frameworks */,
				7F524126200306810014B3B7 /* Resources */,
				C031AAFF2EAA178BBBD6D1CB /* [CP] Embed Pods Frameworks */,
				224B09DD5ACB4ADBAA32D336 /* [CP] Copy Pods Resources */,
			);
			buildRules = (
			);
			dependencies = (
			);
			name = "Google Admob";
			productName = "Google Admob";
			productReference = 7F524128200306810014B3B7 /* Google Admob.app */;
			productType = "com.apple.product-type.application";
		};
/* End PBXNativeTarget section */

/* Begin PBXProject section */
		7F524120200306810014B3B7 /* Project object */ = {
			isa = PBXProject;
			attributes = {
				LastSwiftUpdateCheck = 0920;
				LastUpgradeCheck = 0920;
				ORGANIZATIONNAME = "Kelvin Tan";
				TargetAttributes = {
					7F524127200306810014B3B7 = {
						CreatedOnToolsVersion = 9.2;
						ProvisioningStyle = Automatic;
					};
				};
			};
			buildConfigurationList = 7F524123200306810014B3B7 /* Build configuration list for PBXProject "Google Admob" */;
			compatibilityVersion = "Xcode 8.0";
			developmentRegion = en;
			hasScannedForEncodings = 0;
			knownRegions = (
				en,
				Base,
			);
			mainGroup = 7F52411F200306810014B3B7;
			productRefGroup = 7F524129200306810014B3B7 /* Products */;
			projectDirPath = "";
			projectRoot = "";
			targets = (
				7F524127200306810014B3B7 /* Google Admob */,
			);
		};
/* End PBXProject section */

/* Begin PBXResourcesBuildPhase section */
		7F524126200306810014B3B7 /* Resources */ = {
			isa = PBXResourcesBuildPhase;
			buildActionMask = 2147483647;
			files = (
				7F524136200306810014B3B7 /* LaunchScreen.storyboard in Resources */,
				7F524133200306810014B3B7 /* Assets.xcassets in Resources */,
				7F524131200306810014B3B7 /* Main.storyboard in Resources */,
			);
			runOnlyForDeploymentPostprocessing = 0;
		};
/* End PBXResourcesBuildPhase section */

/* Begin PBXShellScriptBuildPhase section */
		224B09DD5ACB4ADBAA32D336 /* [CP] Copy Pods Resources */ = {
			isa = PBXShellScriptBuildPhase;
			buildActionMask = 2147483647;
			files = (
			);
			inputPaths = (
			);
			name = "[CP] Copy Pods Resources";
			outputPaths = (
			);
			runOnlyForDeploymentPostprocessing = 0;
			shellPath = /bin/sh;
			shellScript = "\"${SRCROOT}/Pods/Target Support Files/Pods-Google Admob/Pods-Google Admob-resources.sh\"\n";
			showEnvVarsInLog = 0;
		};
		B4EC1BA8D66C7BEFD2656D0B /* [CP] Check Pods Manifest.lock */ = {
			isa = PBXShellScriptBuildPhase;
			buildActionMask = 2147483647;
			files = (
			);
			inputPaths = (
				"${PODS_PODFILE_DIR_PATH}/Podfile.lock",
				"${PODS_ROOT}/Manifest.lock",
			);
			name = "[CP] Check Pods Manifest.lock";
			outputPaths = (
				"$(DERIVED_FILE_DIR)/Pods-Google Admob-checkManifestLockResult.txt",
			);
			runOnlyForDeploymentPostprocessing = 0;
			shellPath = /bin/sh;
			shellScript = "diff \"${PODS_PODFILE_DIR_PATH}/Podfile.lock\" \"${PODS_ROOT}/Manifest.lock\" > /dev/null\nif [ $? != 0 ] ; then\n    # print error to STDERR\n    echo \"error: The sandbox is not in sync with the Podfile.lock. Run 'pod install' or update your CocoaPods installation.\" >&2\n    exit 1\nfi\n# This output is used by Xcode 'outputs' to avoid re-running this script phase.\necho \"SUCCESS\" > \"${SCRIPT_OUTPUT_FILE_0}\"\n";
			showEnvVarsInLog = 0;
		};
		C031AAFF2EAA178BBBD6D1CB /* [CP] Embed Pods Frameworks */ = {
			isa = PBXShellScriptBuildPhase;
			buildActionMask = 2147483647;
			files = (
			);
			inputPaths = (
			);
			name = "[CP] Embed Pods Frameworks";
			outputPaths = (
			);
			runOnlyForDeploymentPostprocessing = 0;
			shellPath = /bin/sh;
			shellScript = "\"${SRCROOT}/Pods/Target Support Files/Pods-Google Admob/Pods-Google Admob-frameworks.sh\"\n";
			showEnvVarsInLog = 0;
		};
/* End PBXShellScriptBuildPhase section */

/* Begin PBXSourcesBuildPhase section */
		7F524124200306810014B3B7 /* Sources */ = {
			isa = PBXSourcesBuildPhase;
			buildActionMask = 2147483647;
			files = (
				7F52412E200306810014B3B7 /* ViewController.swift in Sources */,
				7F52412C200306810014B3B7 /* AppDelegate.swift in Sources */,
			);
			runOnlyForDeploymentPostprocessing = 0;
		};
/* End PBXSourcesBuildPhase section */

/* Begin PBXVariantGroup section */
		7F52412F200306810014B3B7 /* Main.storyboard */ = {
			isa = PBXVariantGroup;
			children = (
				7F524130200306810014B3B7 /* Base */,
			);
			name = Main.storyboard;
			sourceTree = "<group>";
		};
		7F524134200306810014B3B7 /* LaunchScreen.storyboard */ = {
			isa = PBXVariantGroup;
			children = (
				7F524135200306810014B3B7 /* Base */,
			);
			name = LaunchScreen.storyboard;
			sourceTree = "<group>";
		};
/* End PBXVariantGroup section */

/* Begin XCBuildConfiguration section */
		7F524138200306810014B3B7 /* Debug */ = {
			isa = XCBuildConfiguration;
			buildSettings = {
				ALWAYS_SEARCH_USER_PATHS = NO;
				CLANG_ANALYZER_NONNULL = YES;
				CLANG_ANALYZER_NUMBER_OBJECT_CONVERSION = YES_AGGRESSIVE;
				CLANG_CXX_LANGUAGE_STANDARD = "gnu++14";
				CLANG_CXX_LIBRARY = "libc++";
				CLANG_ENABLE_MODULES = YES;
				CLANG_ENABLE_OBJC_ARC = YES;
				CLANG_WARN_BLOCK_CAPTURE_AUTORELEASING = YES;
				CLANG_WARN_BOOL_CONVERSION = YES;
				CLANG_WARN_COMMA = YES;
				CLANG_WARN_CONSTANT_CONVERSION = YES;
				CLANG_WARN_DIRECT_OBJC_ISA_USAGE = YES_ERROR;
				CLANG_WARN_DOCUMENTATION_COMMENTS = YES;
				CLANG_WARN_EMPTY_BODY = YES;
				CLANG_WARN_ENUM_CONVERSION = YES;
				CLANG_WARN_INFINITE_RECURSION = YES;
				CLANG_WARN_INT_CONVERSION = YES;
				CLANG_WARN_NON_LITERAL_NULL_CONVERSION = YES;
				CLANG_WARN_OBJC_LITERAL_CONVERSION = YES;
				CLANG_WARN_OBJC_ROOT_CLASS = YES_ERROR;
				CLANG_WARN_RANGE_LOOP_ANALYSIS = YES;
				CLANG_WARN_STRICT_PROTOTYPES = YES;
				CLANG_WARN_SUSPICIOUS_MOVE = YES;
				CLANG_WARN_UNGUARDED_AVAILABILITY = YES_AGGRESSIVE;
				CLANG_WARN_UNREACHABLE_CODE = YES;
				CLANG_WARN__DUPLICATE_METHOD_MATCH = YES;
				CODE_SIGN_IDENTITY = "iPhone Developer";
				COPY_PHASE_STRIP = NO;
				DEBUG_INFORMATION_FORMAT = dwarf;
				ENABLE_STRICT_OBJC_MSGSEND = YES;
				ENABLE_TESTABILITY = YES;
				GCC_C_LANGUAGE_STANDARD = gnu11;
				GCC_DYNAMIC_NO_PIC = NO;
				GCC_NO_COMMON_BLOCKS = YES;
				GCC_OPTIMIZATION_LEVEL = 0;
				GCC_PREPROCESSOR_DEFINITIONS = (
					"DEBUG=1",
					"$(inherited)",
				);
				GCC_WARN_64_TO_32_BIT_CONVERSION = YES;
				GCC_WARN_ABOUT_RETURN_TYPE = YES_ERROR;
				GCC_WARN_UNDECLARED_SELECTOR = YES;
				GCC_WARN_UNINITIALIZED_AUTOS = YES_AGGRESSIVE;
				GCC_WARN_UNUSED_FUNCTION = YES;
				GCC_WARN_UNUSED_VARIABLE = YES;
				IPHONEOS_DEPLOYMENT_TARGET = 11.2;
				MTL_ENABLE_DEBUG_INFO = YES;
				ONLY_ACTIVE_ARCH = YES;
				SDKROOT = iphoneos;
				SWIFT_ACTIVE_COMPILATION_CONDITIONS = DEBUG;
				SWIFT_OPTIMIZATION_LEVEL = "-Onone";
			};
			name = Debug;
		};
		7F524139200306810014B3B7 /* Release */ = {
			isa = XCBuildConfiguration;
			buildSettings = {
				ALWAYS_SEARCH_USER_PATHS = NO;
				CLANG_ANALYZER_NONNULL = YES;
				CLANG_ANALYZER_NUMBER_OBJECT_CONVERSION = YES_AGGRESSIVE;
				CLANG_CXX_LANGUAGE_STANDARD = "gnu++14";
				CLANG_CXX_LIBRARY = "libc++";
				CLANG_ENABLE_MODULES = YES;
				CLANG_ENABLE_OBJC_ARC = YES;
				CLANG_WARN_BLOCK_CAPTURE_AUTORELEASING = YES;
				CLANG_WARN_BOOL_CONVERSION = YES;
				CLANG_WARN_COMMA = YES;
				CLANG_WARN_CONSTANT_CONVERSION = YES;
				CLANG_WARN_DIRECT_OBJC_ISA_USAGE = YES_ERROR;
				CLANG_WARN_DOCUMENTATION_COMMENTS = YES;
				CLANG_WARN_EMPTY_BODY = YES;
				CLANG_WARN_ENUM_CONVERSION = YES;
				CLANG_WARN_INFINITE_RECURSION = YES;
				CLANG_WARN_INT_CONVERSION = YES;
				CLANG_WARN_NON_LITERAL_NULL_CONVERSION = YES;
				CLANG_WARN_OBJC_LITERAL_CONVERSION = YES;
				CLANG_WARN_OBJC_ROOT_CLASS = YES_ERROR;
				CLANG_WARN_RANGE_LOOP_ANALYSIS = YES;
				CLANG_WARN_STRICT_PROTOTYPES = YES;
				CLANG_WARN_SUSPICIOUS_MOVE = YES;
				CLANG_WARN_UNGUARDED_AVAILABILITY = YES_AGGRESSIVE;
				CLANG_WARN_UNREACHABLE_CODE = YES;
				CLANG_WARN__DUPLICATE_METHOD_MATCH = YES;
				CODE_SIGN_IDENTITY = "iPhone Developer";
				COPY_PHASE_STRIP = NO;
				DEBUG_INFORMATION_FORMAT = "dwarf-with-dsym";
				ENABLE_NS_ASSERTIONS = NO;
				ENABLE_STRICT_OBJC_MSGSEND = YES;
				GCC_C_LANGUAGE_STANDARD = gnu11;
				GCC_NO_COMMON_BLOCKS = YES;
				GCC_WARN_64_TO_32_BIT_CONVERSION = YES;
				GCC_WARN_ABOUT_RETURN_TYPE = YES_ERROR;
				GCC_WARN_UNDECLARED_SELECTOR = YES;
				GCC_WARN_UNINITIALIZED_AUTOS = YES_AGGRESSIVE;
				GCC_WARN_UNUSED_FUNCTION = YES;
				GCC_WARN_UNUSED_VARIABLE = YES;
				IPHONEOS_DEPLOYMENT_TARGET = 11.2;
				MTL_ENABLE_DEBUG_INFO = NO;
				SDKROOT = iphoneos;
				SWIFT_OPTIMIZATION_LEVEL = "-Owholemodule";
				VALIDATE_PRODUCT = YES;
			};
			name = Release;
		};
		7F52413B200306810014B3B7 /* Debug */ = {
			isa = XCBuildConfiguration;
			baseConfigurationReference = CD6022DF79FA686626DC3CA7 /* Pods-Google Admob.debug.xcconfig */;
			buildSettings = {
				ASSETCATALOG_COMPILER_APPICON_NAME = AppIcon;
				CODE_SIGN_STYLE = Automatic;
				DEVELOPMENT_TEAM = M7UE9XQX9P;
				INFOPLIST_FILE = "Google Admob/Info.plist";
				LD_RUNPATH_SEARCH_PATHS = "$(inherited) @executable_path/Frameworks";
				PRODUCT_BUNDLE_IDENTIFIER = "com.thekelvintan.Google-Admob";
				PRODUCT_NAME = "$(TARGET_NAME)";
				SWIFT_VERSION = 4.0;
				TARGETED_DEVICE_FAMILY = "1,2";
			};
			name = Debug;
		};
		7F52413C200306810014B3B7 /* Release */ = {
			isa = XCBuildConfiguration;
			baseConfigurationReference = D45C1023FB891CD50DD5AA27 /* Pods-Google Admob.release.xcconfig */;
			buildSettings = {
				ASSETCATALOG_COMPILER_APPICON_NAME = AppIcon;
				CODE_SIGN_STYLE = Automatic;
				DEVELOPMENT_TEAM = M7UE9XQX9P;
				INFOPLIST_FILE = "Google Admob/Info.plist";
				LD_RUNPATH_SEARCH_PATHS = "$(inherited) @executable_path/Frameworks";
				PRODUCT_BUNDLE_IDENTIFIER = "com.thekelvintan.Google-Admob";
				PRODUCT_NAME = "$(TARGET_NAME)";
				SWIFT_VERSION = 4.0;
				TARGETED_DEVICE_FAMILY = "1,2";
			};
			name = Release;
		};
/* End XCBuildConfiguration section */

/* Begin XCConfigurationList section */
		7F524123200306810014B3B7 /* Build configuration list for PBXProject "Google Admob" */ = {
			isa = XCConfigurationList;
			buildConfigurations = (
				7F524138200306810014B3B7 /* Debug */,
				7F524139200306810014B3B7 /* Release */,
			);
			defaultConfigurationIsVisible = 0;
			defaultConfigurationName = Release;
		};
		7F52413A200306810014B3B7 /* Build configuration list for PBXNativeTarget "Google Admob" */ = {
			isa = XCConfigurationList;
			buildConfigurations = (
				7F52413B200306810014B3B7 /* Debug */,
				7F52413C200306810014B3B7 /* Release */,
			);
			defaultConfigurationIsVisible = 0;
			defaultConfigurationName = Release;
		};
/* End XCConfigurationList section */
	};
	rootObject = 7F524120200306810014B3B7 /* Project object */;
}
